
Microsoft Visual Studio Solution File, Format Version 12.00
# Visual Studio Version 17
VisualStudioVersion = 17.2.32630.192
MinimumVisualStudioVersion = 10.0.40219.1
Project("{8BC9CEB8-8B4A-11D0-8D11-00A0C91BC942}") = "실습12", "Grapics3\Grapics3.vcxproj", "{B29A1ECD-F04F-499E-A514-40F3BC3B4C3A}"
EndProject
Project("{8BC9CEB8-8B4A-11D0-8D11-00A0C91BC942}") = "실습12-", "예제\예제.vcxproj", "{2A649337-141F-40B9-9E02-9E0379221735}"
EndProject
Project("{8BC9CEB8-8B4A-11D0-8D11-00A0C91BC942}") = "실습13", "실습13\실습13.vcxproj", "{7CE0D255-7FF6-40E7-8FA5-02B6618FFE24}"
EndProject
Project("{8BC9CEB8-8B4A-11D0-8D11-00A0C91BC942}") = "실습14", "실습14\실습14.vcxproj", "{73200686-C0D6-4FE7-910C-03733184D90E}"
EndProject
Project("{8BC9CEB8-8B4A-11D0-8D11-00A0C91BC942}") = "실습16", "실습16\실습16.vcxproj", "{9E885994-7635-497B-BF65-B1B6927C2F55}"
EndProject
Project("{8BC9CEB8-8B4A-11D0-8D11-00A0C91BC942}") = "실습18", "실습17\실습17.vcxproj", "{B205202F-E686-490A-85FC-A50B696E023F}"
EndProject
Project("{8BC9CEB8-8B4A-11D0-8D11-00A0C91BC942}") = "실습19", "실습19\실습19.vcxproj", "{21496C46-534E-4173-B561-0394C2C838CA}"
EndProject
Project("{8BC9CEB8-8B4A-11D0-8D11-00A0C91BC942}") = "실습22", "실습22\실습22.vcxproj", "{970CC864-0D42-44D5-99B3-0923F4D9D43C}"
EndProject
Project("{8BC9CEB8-8B4A-11D0-8D11-00A0C91BC942}") = "숙제", "숙제\숙제.vcxproj", "{11A78551-30D8-4F73-90CE-096D17A8E151}"
EndProject
Project("{8BC9CEB8-8B4A-11D0-8D11-00A0C91BC942}") = "projectGrapics", "projectGrapics\projectGrapics.vcxproj", "{5A4AF387-2DFC-4DB6-944A-1F647B222B78}"
EndProject
Project("{8BC9CEB8-8B4A-11D0-8D11-00A0C91BC942}") = "실습26", "실습26\실습26.vcxproj", "{B5D4247E-8237-4466-9D4C-4734A5484483}"
EndProject
Global
	GlobalSection(SolutionConfigurationPlatforms) = preSolution
		Debug|x64 = Debug|x64
		Debug|x86 = Debug|x86
		Release|x64 = Release|x64
		Release|x86 = Release|x86
	EndGlobalSection
	GlobalSection(ProjectConfigurationPlatforms) = postSolution
		{B29A1ECD-F04F-499E-A514-40F3BC3B4C3A}.Debug|x64.ActiveCfg = Debug|x64
		{B29A1ECD-F04F-499E-A514-40F3BC3B4C3A}.Debug|x64.Build.0 = Debug|x64
		{B29A1ECD-F04F-499E-A514-40F3BC3B4C3A}.Debug|x86.ActiveCfg = Debug|Win32
		{B29A1ECD-F04F-499E-A514-40F3BC3B4C3A}.Debug|x86.Build.0 = Debug|Win32
		{B29A1ECD-F04F-499E-A514-40F3BC3B4C3A}.Release|x64.ActiveCfg = Release|x64
		{B29A1ECD-F04F-499E-A514-40F3BC3B4C3A}.Release|x64.Build.0 = Release|x64
		{B29A1ECD-F04F-499E-A514-40F3BC3B4C3A}.Release|x86.ActiveCfg = Release|Win32
		{B29A1ECD-F04F-499E-A514-40F3BC3B4C3A}.Release|x86.Build.0 = Release|Win32
		{2A649337-141F-40B9-9E02-9E0379221735}.Debug|x64.ActiveCfg = Debug|x64
		{2A649337-141F-40B9-9E02-9E0379221735}.Debug|x64.Build.0 = Debug|x64
		{2A649337-141F-40B9-9E02-9E0379221735}.Debug|x86.ActiveCfg = Debug|Win32
		{2A649337-141F-40B9-9E02-9E0379221735}.Debug|x86.Build.0 = Debug|Win32
		{2A649337-141F-40B9-9E02-9E0379221735}.Release|x64.ActiveCfg = Release|x64
		{2A649337-141F-40B9-9E02-9E0379221735}.Release|x64.Build.0 = Release|x64
		{2A649337-141F-40B9-9E02-9E0379221735}.Release|x86.ActiveCfg = Release|Win32
		{2A649337-141F-40B9-9E02-9E0379221735}.Release|x86.Build.0 = Release|Win32
		{7CE0D255-7FF6-40E7-8FA5-02B6618FFE24}.Debug|x64.ActiveCfg = Debug|x64
		{7CE0D255-7FF6-40E7-8FA5-02B6618FFE24}.Debug|x64.Build.0 = Debug|x64
		{7CE0D255-7FF6-40E7-8FA5-02B6618FFE24}.Debug|x86.ActiveCfg = Debug|Win32
		{7CE0D255-7FF6-40E7-8FA5-02B6618FFE24}.Debug|x86.Build.0 = Debug|Win32
		{7CE0D255-7FF6-40E7-8FA5-02B6618FFE24}.Release|x64.ActiveCfg = Release|x64
		{7CE0D255-7FF6-40E7-8FA5-02B6618FFE24}.Release|x64.Build.0 = Release|x64
		{7CE0D255-7FF6-40E7-8FA5-02B6618FFE24}.Release|x86.ActiveCfg = Release|Win32
		{7CE0D255-7FF6-40E7-8FA5-02B6618FFE24}.Release|x86.Build.0 = Release|Win32
		{73200686-C0D6-4FE7-910C-03733184D90E}.Debug|x64.ActiveCfg = Debug|x64
		{73200686-C0D6-4FE7-910C-03733184D90E}.Debug|x64.Build.0 = Debug|x64
		{73200686-C0D6-4FE7-910C-03733184D90E}.Debug|x86.ActiveCfg = Debug|Win32
		{73200686-C0D6-4FE7-910C-03733184D90E}.Debug|x86.Build.0 = Debug|Win32
		{73200686-C0D6-4FE7-910C-03733184D90E}.Release|x64.ActiveCfg = Release|x64
		{73200686-C0D6-4FE7-910C-03733184D90E}.Release|x64.Build.0 = Release|x64
		{73200686-C0D6-4FE7-910C-03733184D90E}.Release|x86.ActiveCfg = Release|Win32
		{73200686-C0D6-4FE7-910C-03733184D90E}.Release|x86.Build.0 = Release|Win32
		{9E885994-7635-497B-BF65-B1B6927C2F55}.Debug|x64.ActiveCfg = Debug|x64
		{9E885994-7635-497B-BF65-B1B6927C2F55}.Debug|x64.Build.0 = Debug|x64
		{9E885994-7635-497B-BF65-B1B6927C2F55}.Debug|x86.ActiveCfg = Debug|Win32
		{9E885994-7635-497B-BF65-B1B6927C2F55}.Debug|x86.Build.0 = Debug|Win32
		{9E885994-7635-497B-BF65-B1B6927C2F55}.Release|x64.ActiveCfg = Release|x64
		{9E885994-7635-497B-BF65-B1B6927C2F55}.Release|x64.Build.0 = Release|x64
		{9E885994-7635-497B-BF65-B1B6927C2F55}.Release|x86.ActiveCfg = Release|Win32
		{9E885994-7635-497B-BF65-B1B6927C2F55}.Release|x86.Build.0 = Release|Win32
		{B205202F-E686-490A-85FC-A50B696E023F}.Debug|x64.ActiveCfg = Debug|x64
		{B205202F-E686-490A-85FC-A50B696E023F}.Debug|x64.Build.0 = Debug|x64
		{B205202F-E686-490A-85FC-A50B696E023F}.Debug|x86.ActiveCfg = Debug|Win32
		{B205202F-E686-490A-85FC-A50B696E023F}.Debug|x86.Build.0 = Debug|Win32
		{B205202F-E686-490A-85FC-A50B696E023F}.Release|x64.ActiveCfg = Release|x64
		{B205202F-E686-490A-85FC-A50B696E023F}.Release|x64.Build.0 = Release|x64
		{B205202F-E686-490A-85FC-A50B696E023F}.Release|x86.ActiveCfg = Release|Win32
		{B205202F-E686-490A-85FC-A50B696E023F}.Release|x86.Build.0 = Release|Win32
		{21496C46-534E-4173-B561-0394C2C838CA}.Debug|x64.ActiveCfg = Debug|x64
		{21496C46-534E-4173-B561-0394C2C838CA}.Debug|x64.Build.0 = Debug|x64
		{21496C46-534E-4173-B561-0394C2C838CA}.Debug|x86.ActiveCfg = Debug|Win32
		{21496C46-534E-4173-B561-0394C2C838CA}.Debug|x86.Build.0 = Debug|Win32
		{21496C46-534E-4173-B561-0394C2C838CA}.Release|x64.ActiveCfg = Release|x64
		{21496C46-534E-4173-B561-0394C2C838CA}.Release|x64.Build.0 = Release|x64
		{21496C46-534E-4173-B561-0394C2C838CA}.Release|x86.ActiveCfg = Release|Win32
		{21496C46-534E-4173-B561-0394C2C838CA}.Release|x86.Build.0 = Release|Win32
		{970CC864-0D42-44D5-99B3-0923F4D9D43C}.Debug|x64.ActiveCfg = Debug|x64
		{970CC864-0D42-44D5-99B3-0923F4D9D43C}.Debug|x64.Build.0 = Debug|x64
		{970CC864-0D42-44D5-99B3-0923F4D9D43C}.Debug|x86.ActiveCfg = Debug|Win32
		{970CC864-0D42-44D5-99B3-0923F4D9D43C}.Debug|x86.Build.0 = Debug|Win32
		{970CC864-0D42-44D5-99B3-0923F4D9D43C}.Release|x64.ActiveCfg = Release|x64
		{970CC864-0D42-44D5-99B3-0923F4D9D43C}.Release|x64.Build.0 = Release|x64
		{970CC864-0D42-44D5-99B3-0923F4D9D43C}.Release|x86.ActiveCfg = Release|Win32
		{970CC864-0D42-44D5-99B3-0923F4D9D43C}.Release|x86.Build.0 = Release|Win32
		{11A78551-30D8-4F73-90CE-096D17A8E151}.Debug|x64.ActiveCfg = Debug|x64
		{11A78551-30D8-4F73-90CE-096D17A8E151}.Debug|x64.Build.0 = Debug|x64
		{11A78551-30D8-4F73-90CE-096D17A8E151}.Debug|x86.ActiveCfg = Debug|Win32
		{11A78551-30D8-4F73-90CE-096D17A8E151}.Debug|x86.Build.0 = Debug|Win32
		{11A78551-30D8-4F73-90CE-096D17A8E151}.Release|x64.ActiveCfg = Release|x64
		{11A78551-30D8-4F73-90CE-096D17A8E151}.Release|x64.Build.0 = Release|x64
		{11A78551-30D8-4F73-90CE-096D17A8E151}.Release|x86.ActiveCfg = Release|Win32
		{11A78551-30D8-4F73-90CE-096D17A8E151}.Release|x86.Build.0 = Release|Win32
		{5A4AF387-2DFC-4DB6-944A-1F647B222B78}.Debug|x64.ActiveCfg = Debug|x64
		{5A4AF387-2DFC-4DB6-944A-1F647B222B78}.Debug|x64.Build.0 = Debug|x64
		{5A4AF387-2DFC-4DB6-944A-1F647B222B78}.Debug|x86.ActiveCfg = Debug|Win32
		{5A4AF387-2DFC-4DB6-944A-1F647B222B78}.Debug|x86.Build.0 = Debug|Win32
		{5A4AF387-2DFC-4DB6-944A-1F647B222B78}.Release|x64.ActiveCfg = Release|x64
		{5A4AF387-2DFC-4DB6-944A-1F647B222B78}.Release|x64.Build.0 = Release|x64
		{5A4AF387-2DFC-4DB6-944A-1F647B222B78}.Release|x86.ActiveCfg = Release|Win32
		{5A4AF387-2DFC-4DB6-944A-1F647B222B78}.Release|x86.Build.0 = Release|Win32
		{B5D4247E-8237-4466-9D4C-4734A5484483}.Debug|x64.ActiveCfg = Debug|x64
		{B5D4247E-8237-4466-9D4C-4734A5484483}.Debug|x64.Build.0 = Debug|x64
		{B5D4247E-8237-4466-9D4C-4734A5484483}.Debug|x86.ActiveCfg = Debug|Win32
		{B5D4247E-8237-4466-9D4C-4734A5484483}.Debug|x86.Build.0 = Debug|Win32
		{B5D4247E-8237-4466-9D4C-4734A5484483}.Release|x64.ActiveCfg = Release|x64
		{B5D4247E-8237-4466-9D4C-4734A5484483}.Release|x64.Build.0 = Release|x64
		{B5D4247E-8237-4466-9D4C-4734A5484483}.Release|x86.ActiveCfg = Release|Win32
		{B5D4247E-8237-4466-9D4C-4734A5484483}.Release|x86.Build.0 = Release|Win32
	EndGlobalSection
	GlobalSection(SolutionProperties) = preSolution
		HideSolutionNode = FALSE
	EndGlobalSection
	GlobalSection(ExtensibilityGlobals) = postSolution
		SolutionGuid = {94B1ABEA-A144-4329-AFE2-8718CC204543}
	EndGlobalSection
EndGlobal
